{
  "name": "a2v",
  "version": "1.0.0",
  "lockfileVersion": 2,
  "requires": true,
  "packages": {
    "": {
      "name": "a2v",
      "version": "1.0.0",
      "license": "ISC",
      "optionalDependencies": {
        "jsmediatags": "^3.9.7"
      }
    },
    "node_modules/jsmediatags": {
      "version": "3.9.7",
      "resolved": "https://registry.npmjs.org/jsmediatags/-/jsmediatags-3.9.7.tgz",
      "integrity": "sha512-xCAO8C3li3t5hYkXqn8iv8zQQUB4T1QqRN2aSONHMls21ICdEvXi4xtb6W70/fAFYSDwMHd32hIqvo4YuXoNcQ==",
      "optional": true,
      "dependencies": {
        "xhr2": "^0.1.4"
      },
      "engines": {
        "node": ">=4.0.0"
      }
    },
    "node_modules/xhr2": {
      "version": "0.1.4",
      "resolved": "https://registry.npmjs.org/xhr2/-/xhr2-0.1.4.tgz",
      "integrity": "sha1-f4dliEdxbbUCYyOBL4GMras4el8=",
      "optional": true,
      "engines": {
        "node": ">= 0.6"
      }
    }
  },
  "dependencies": {
    "jsmediatags": {
      "version": "3.9.7",
      "resolved": "https://registry.npmjs.org/jsmediatags/-/jsmediatags-3.9.7.tgz",
      "integrity": "sha512-xCAO8C3li3t5hYkXqn8iv8zQQUB4T1QqRN2aSONHMls21ICdEvXi4xtb6W70/fAFYSDwMHd32hIqvo4YuXoNcQ==",
      "optional": true,
      "requires": {
        "xhr2": "^0.1.4"
      }
    },
    "xhr2": {
      "version": "0.1.4",
      "resolved": "https://registry.npmjs.org/xhr2/-/xhr2-0.1.4.tgz",
      "integrity": "sha1-f4dliEdxbbUCYyOBL4GMras4el8=",
      "optional": true
    }
  }
}
